// !$*UTF8*$!
{
	archiveVersion = 1;
	classes = {
	};
	objectVersion = 56;
	objects = {

/* Begin PBXBuildFile section */
		F306496B2D7B9F6C00363D8C /* ReportConfirmationView.swift in Sources */ = {isa = PBXBuildFile; fileRef = F306496A2D7B9F6C00363D8C /* ReportConfirmationView.swift */; };
		F306496D2D7BE1A300363D8C /* WaverSplashScreenView.swift in Sources */ = {isa = PBXBuildFile; fileRef = F306496C2D7BE1A300363D8C /* WaverSplashScreenView.swift */; };
		F31864C92DA49EB7007D997D /* SearchResultsView.swift in Sources */ = {isa = PBXBuildFile; fileRef = F31864C82DA49EB7007D997D /* SearchResultsView.swift */; };
		F31864CB2DA52B17007D997D /* SpotRow.swift in Sources */ = {isa = PBXBuildFile; fileRef = F31864CA2DA52B17007D997D /* SpotRow.swift */; };
		F31864CD2DA52B23007D997D /* UserRow.swift in Sources */ = {isa = PBXBuildFile; fileRef = F31864CC2DA52B23007D997D /* UserRow.swift */; };
		F31864CF2DA52B58007D997D /* SearchType.swift in Sources */ = {isa = PBXBuildFile; fileRef = F31864CE2DA52B58007D997D /* SearchType.swift */; };
		F31864D32DA52E7B007D997D /* SearchResultsViewModel.swift in Sources */ = {isa = PBXBuildFile; fileRef = F31864D22DA52E7B007D997D /* SearchResultsViewModel.swift */; };
		F31864D52DA85220007D997D /* UserProfileView.swift in Sources */ = {isa = PBXBuildFile; fileRef = F31864D42DA85220007D997D /* UserProfileView.swift */; };
		F34E9E0C2D672E2A00C2D944 /* ReportListView.swift in Sources */ = {isa = PBXBuildFile; fileRef = F34E9E0B2D672E2A00C2D944 /* ReportListView.swift */; };
		F34E9E0F2D68938600C2D944 /* ProfileView.swift in Sources */ = {isa = PBXBuildFile; fileRef = F34E9E0E2D68938600C2D944 /* ProfileView.swift */; };
		F34E9E112D6893BC00C2D944 /* ProfileReportView.swift in Sources */ = {isa = PBXBuildFile; fileRef = F34E9E102D6893BC00C2D944 /* ProfileReportView.swift */; };
		F34E9E132D69278B00C2D944 /* SpotListView.swift in Sources */ = {isa = PBXBuildFile; fileRef = F34E9E122D69278B00C2D944 /* SpotListView.swift */; };
		F34E9E152D69853C00C2D944 /* CreateReportView.swift in Sources */ = {isa = PBXBuildFile; fileRef = F34E9E142D69853C00C2D944 /* CreateReportView.swift */; };
		F34E9E172D69AC6900C2D944 /* ReportSelectionView.swift in Sources */ = {isa = PBXBuildFile; fileRef = F34E9E162D69AC6900C2D944 /* ReportSelectionView.swift */; };
		F34E9E192D69AC8500C2D944 /* CommentInputView.swift in Sources */ = {isa = PBXBuildFile; fileRef = F34E9E182D69AC8500C2D944 /* CommentInputView.swift */; };
		F34E9E1D2D6B20A200C2D944 /* SpotViewSimple.swift in Sources */ = {isa = PBXBuildFile; fileRef = F34E9E1C2D6B20A200C2D944 /* SpotViewSimple.swift */; };
		F34E9E1F2D6B27AE00C2D944 /* PreferencesView.swift in Sources */ = {isa = PBXBuildFile; fileRef = F34E9E1E2D6B27AE00C2D944 /* PreferencesView.swift */; };
		F34E9E232D6B3B1F00C2D944 /* ResetPasswordView.swift in Sources */ = {isa = PBXBuildFile; fileRef = F34E9E222D6B3B1F00C2D944 /* ResetPasswordView.swift */; };
		F34E9E252D6B467F00C2D944 /* RegisterView.swift in Sources */ = {isa = PBXBuildFile; fileRef = F34E9E242D6B467F00C2D944 /* RegisterView.swift */; };
		F37267692D78295B004A81B0 /* ReportListToolbar.swift in Sources */ = {isa = PBXBuildFile; fileRef = F37267682D78295B004A81B0 /* ReportListToolbar.swift */; };
		F372676B2D78297C004A81B0 /* ReportListFloatingButton.swift in Sources */ = {isa = PBXBuildFile; fileRef = F372676A2D78297C004A81B0 /* ReportListFloatingButton.swift */; };
		F372676D2D78EAE8004A81B0 /* SurfDataManager.swift in Sources */ = {isa = PBXBuildFile; fileRef = F372676C2D78EAE8004A81B0 /* SurfDataManager.swift */; };
		F376F6892DA9C14200755376 /* FriendsService.swift in Sources */ = {isa = PBXBuildFile; fileRef = F376F6882DA9C14200755376 /* FriendsService.swift */; };
		F376F68B2DA9C26900755376 /* FriendButtonView.swift in Sources */ = {isa = PBXBuildFile; fileRef = F376F68A2DA9C26900755376 /* FriendButtonView.swift */; };
		F376F68D2DA9C28300755376 /* FriendButtonViewModel.swift in Sources */ = {isa = PBXBuildFile; fileRef = F376F68C2DA9C28300755376 /* FriendButtonViewModel.swift */; };
		F376F68F2DAA2C6600755376 /* FloatingToastView.swift in Sources */ = {isa = PBXBuildFile; fileRef = F376F68E2DAA2C6600755376 /* FloatingToastView.swift */; };
		F376F6922DAA2CAA00755376 /* ToastManager.swift in Sources */ = {isa = PBXBuildFile; fileRef = F376F6912DAA2CAA00755376 /* ToastManager.swift */; };
		F376F6962DAA420300755376 /* FriendManagementView.swift in Sources */ = {isa = PBXBuildFile; fileRef = F376F6952DAA420300755376 /* FriendManagementView.swift */; };
		F376F6982DAA552000755376 /* RequestRow.swift in Sources */ = {isa = PBXBuildFile; fileRef = F376F6972DAA552000755376 /* RequestRow.swift */; };
		F376F69A2DAA790200755376 /* VisibilitySelectorView.swift in Sources */ = {isa = PBXBuildFile; fileRef = F376F6992DAA790200755376 /* VisibilitySelectorView.swift */; };
		F3822A762D86895C00488DF0 /* LaunchScreen.storyboard in Resources */ = {isa = PBXBuildFile; fileRef = F3822A752D86895C00488DF0 /* LaunchScreen.storyboard */; };
		F3822A792D9E5D8900488DF0 /* Auth in Frameworks */ = {isa = PBXBuildFile; productRef = F3822A782D9E5D8900488DF0 /* Auth */; };
		F3822A7B2D9E5D8900488DF0 /* Functions in Frameworks */ = {isa = PBXBuildFile; productRef = F3822A7A2D9E5D8900488DF0 /* Functions */; };
		F3822A7D2D9E5D8900488DF0 /* PostgREST in Frameworks */ = {isa = PBXBuildFile; productRef = F3822A7C2D9E5D8900488DF0 /* PostgREST */; };
		F3822A7F2D9E5D8900488DF0 /* Realtime in Frameworks */ = {isa = PBXBuildFile; productRef = F3822A7E2D9E5D8900488DF0 /* Realtime */; };
		F3822A812D9E5D8900488DF0 /* Storage in Frameworks */ = {isa = PBXBuildFile; productRef = F3822A802D9E5D8900488DF0 /* Storage */; };
		F3822A832D9E5D8900488DF0 /* Supabase in Frameworks */ = {isa = PBXBuildFile; productRef = F3822A822D9E5D8900488DF0 /* Supabase */; };
		F3822A852D9E5F2300488DF0 /* Secrets.plist in Resources */ = {isa = PBXBuildFile; fileRef = F3822A842D9E5F2300488DF0 /* Secrets.plist */; };
		F38887F82D6BCA9F0097F3BE /* ValidationIcon.swift in Sources */ = {isa = PBXBuildFile; fileRef = F38887F72D6BCA9F0097F3BE /* ValidationIcon.swift */; };
		F38887FA2D6BCAD30097F3BE /* AuthHelpers.swift in Sources */ = {isa = PBXBuildFile; fileRef = F38887F92D6BCAD30097F3BE /* AuthHelpers.swift */; };
		F3A830F92D666F150022659C /* RatingDistribution.swift in Sources */ = {isa = PBXBuildFile; fileRef = F3A830F82D666F150022659C /* RatingDistribution.swift */; };
		F3A830FC2D666F410022659C /* SpotView.swift in Sources */ = {isa = PBXBuildFile; fileRef = F3A830FB2D666F410022659C /* SpotView.swift */; };
		F3A831012D66E1C00022659C /* ReportView.swift in Sources */ = {isa = PBXBuildFile; fileRef = F3A831002D66E1C00022659C /* ReportView.swift */; };
		F3A831032D66EDC50022659C /* SurfHelpers.swift in Sources */ = {isa = PBXBuildFile; fileRef = F3A831022D66EDC50022659C /* SurfHelpers.swift */; };
		F3C0BA1E2D5EE7A800350C01 /* WaverUser.swift in Sources */ = {isa = PBXBuildFile; fileRef = F3C0BA1D2D5EE7A800350C01 /* WaverUser.swift */; };
		F3C0BA202D5EE8B400350C01 /* Report.swift in Sources */ = {isa = PBXBuildFile; fileRef = F3C0BA1F2D5EE8B400350C01 /* Report.swift */; };
		F3C0BA222D5F31CB00350C01 /* Favorite.swift in Sources */ = {isa = PBXBuildFile; fileRef = F3C0BA212D5F31CB00350C01 /* Favorite.swift */; };
		F3C0BA242D5F36D400350C01 /* UserService.swift in Sources */ = {isa = PBXBuildFile; fileRef = F3C0BA232D5F36D400350C01 /* UserService.swift */; };
		F3C0BA262D5F3A7200350C01 /* ReportService.swift in Sources */ = {isa = PBXBuildFile; fileRef = F3C0BA252D5F3A7200350C01 /* ReportService.swift */; };
		F3C0BA282D5F3ABA00350C01 /* FavoriteService.swift in Sources */ = {isa = PBXBuildFile; fileRef = F3C0BA272D5F3ABA00350C01 /* FavoriteService.swift */; };
		F3C0BA2A2D5F3C5000350C01 /* SpotService.swift in Sources */ = {isa = PBXBuildFile; fileRef = F3C0BA292D5F3C5000350C01 /* SpotService.swift */; };
		F3C0BA2C2D64839200350C01 /* SignInView.swift in Sources */ = {isa = PBXBuildFile; fileRef = F3C0BA2B2D64839200350C01 /* SignInView.swift */; };
		F3C0BA302D64895E00350C01 /* SearchView.swift in Sources */ = {isa = PBXBuildFile; fileRef = F3C0BA2F2D64895E00350C01 /* SearchView.swift */; };
		F3C0BA322D65C95F00350C01 /* HomeView.swift in Sources */ = {isa = PBXBuildFile; fileRef = F3C0BA312D65C95F00350C01 /* HomeView.swift */; };
		F3C0BA342D65DA7700350C01 /* RegionNode.swift in Sources */ = {isa = PBXBuildFile; fileRef = F3C0BA332D65DA7700350C01 /* RegionNode.swift */; };
		F3C0BA372D65DAD900350C01 /* RegionListView.swift in Sources */ = {isa = PBXBuildFile; fileRef = F3C0BA362D65DAD900350C01 /* RegionListView.swift */; };
		F3CFB5C32D5ED84E0083E353 /* WaverApp.swift in Sources */ = {isa = PBXBuildFile; fileRef = F3CFB5C22D5ED84E0083E353 /* WaverApp.swift */; };
		F3CFB5C72D5ED84F0083E353 /* Assets.xcassets in Resources */ = {isa = PBXBuildFile; fileRef = F3CFB5C62D5ED84F0083E353 /* Assets.xcassets */; };
		F3CFB5D42D5ED9900083E353 /* Spot.swift in Sources */ = {isa = PBXBuildFile; fileRef = F3CFB5D32D5ED9900083E353 /* Spot.swift */; };
		F3CFB5D62D5ED9B30083E353 /* SupabaseService.swift in Sources */ = {isa = PBXBuildFile; fileRef = F3CFB5D52D5ED9B30083E353 /* SupabaseService.swift */; };
		F3F5A1CD2D7007CC00FC10ED /* UserSession.swift in Sources */ = {isa = PBXBuildFile; fileRef = F3F5A1CC2D7007CC00FC10ED /* UserSession.swift */; };
		F3FA3C8B2D6FBDA10014976B /* ToastView.swift in Sources */ = {isa = PBXBuildFile; fileRef = F3FA3C8A2D6FBDA10014976B /* ToastView.swift */; };
		F3FA3C8F2D6FCCD60014976B /* RegistrationConfirmationView.swift in Sources */ = {isa = PBXBuildFile; fileRef = F3FA3C8E2D6FCCD60014976B /* RegistrationConfirmationView.swift */; };
/* End PBXBuildFile section */

/* Begin PBXFileReference section */
		F306496A2D7B9F6C00363D8C /* ReportConfirmationView.swift */ = {isa = PBXFileReference; lastKnownFileType = sourcecode.swift; path = ReportConfirmationView.swift; sourceTree = "<group>"; };
		F306496C2D7BE1A300363D8C /* WaverSplashScreenView.swift */ = {isa = PBXFileReference; lastKnownFileType = sourcecode.swift; path = WaverSplashScreenView.swift; sourceTree = "<group>"; };
		F31864C82DA49EB7007D997D /* SearchResultsView.swift */ = {isa = PBXFileReference; lastKnownFileType = sourcecode.swift; path = SearchResultsView.swift; sourceTree = "<group>"; };
		F31864CA2DA52B17007D997D /* SpotRow.swift */ = {isa = PBXFileReference; lastKnownFileType = sourcecode.swift; path = SpotRow.swift; sourceTree = "<group>"; };
		F31864CC2DA52B23007D997D /* UserRow.swift */ = {isa = PBXFileReference; lastKnownFileType = sourcecode.swift; path = UserRow.swift; sourceTree = "<group>"; };
		F31864CE2DA52B58007D997D /* SearchType.swift */ = {isa = PBXFileReference; lastKnownFileType = sourcecode.swift; path = SearchType.swift; sourceTree = "<group>"; };
		F31864D22DA52E7B007D997D /* SearchResultsViewModel.swift */ = {isa = PBXFileReference; lastKnownFileType = sourcecode.swift; path = SearchResultsViewModel.swift; sourceTree = "<group>"; };
		F31864D42DA85220007D997D /* UserProfileView.swift */ = {isa = PBXFileReference; lastKnownFileType = sourcecode.swift; path = UserProfileView.swift; sourceTree = "<group>"; };
		F34E9E0B2D672E2A00C2D944 /* ReportListView.swift */ = {isa = PBXFileReference; lastKnownFileType = sourcecode.swift; path = ReportListView.swift; sourceTree = "<group>"; };
		F34E9E0E2D68938600C2D944 /* ProfileView.swift */ = {isa = PBXFileReference; lastKnownFileType = sourcecode.swift; path = ProfileView.swift; sourceTree = "<group>"; };
		F34E9E102D6893BC00C2D944 /* ProfileReportView.swift */ = {isa = PBXFileReference; lastKnownFileType = sourcecode.swift; path = ProfileReportView.swift; sourceTree = "<group>"; };
		F34E9E122D69278B00C2D944 /* SpotListView.swift */ = {isa = PBXFileReference; lastKnownFileType = sourcecode.swift; path = SpotListView.swift; sourceTree = "<group>"; };
		F34E9E142D69853C00C2D944 /* CreateReportView.swift */ = {isa = PBXFileReference; lastKnownFileType = sourcecode.swift; path = CreateReportView.swift; sourceTree = "<group>"; };
		F34E9E162D69AC6900C2D944 /* ReportSelectionView.swift */ = {isa = PBXFileReference; lastKnownFileType = sourcecode.swift; path = ReportSelectionView.swift; sourceTree = "<group>"; };
		F34E9E182D69AC8500C2D944 /* CommentInputView.swift */ = {isa = PBXFileReference; lastKnownFileType = sourcecode.swift; path = CommentInputView.swift; sourceTree = "<group>"; };
		F34E9E1C2D6B20A200C2D944 /* SpotViewSimple.swift */ = {isa = PBXFileReference; lastKnownFileType = sourcecode.swift; path = SpotViewSimple.swift; sourceTree = "<group>"; };
		F34E9E1E2D6B27AE00C2D944 /* PreferencesView.swift */ = {isa = PBXFileReference; lastKnownFileType = sourcecode.swift; path = PreferencesView.swift; sourceTree = "<group>"; };
		F34E9E222D6B3B1F00C2D944 /* ResetPasswordView.swift */ = {isa = PBXFileReference; lastKnownFileType = sourcecode.swift; path = ResetPasswordView.swift; sourceTree = "<group>"; };
		F34E9E242D6B467F00C2D944 /* RegisterView.swift */ = {isa = PBXFileReference; lastKnownFileType = sourcecode.swift; path = RegisterView.swift; sourceTree = "<group>"; };
		F37267682D78295B004A81B0 /* ReportListToolbar.swift */ = {isa = PBXFileReference; lastKnownFileType = sourcecode.swift; path = ReportListToolbar.swift; sourceTree = "<group>"; };
		F372676A2D78297C004A81B0 /* ReportListFloatingButton.swift */ = {isa = PBXFileReference; lastKnownFileType = sourcecode.swift; path = ReportListFloatingButton.swift; sourceTree = "<group>"; };
		F372676C2D78EAE8004A81B0 /* SurfDataManager.swift */ = {isa = PBXFileReference; lastKnownFileType = sourcecode.swift; path = SurfDataManager.swift; sourceTree = "<group>"; };
		F376F6882DA9C14200755376 /* FriendsService.swift */ = {isa = PBXFileReference; lastKnownFileType = sourcecode.swift; path = FriendsService.swift; sourceTree = "<group>"; };
		F376F68A2DA9C26900755376 /* FriendButtonView.swift */ = {isa = PBXFileReference; lastKnownFileType = sourcecode.swift; path = FriendButtonView.swift; sourceTree = "<group>"; };
		F376F68C2DA9C28300755376 /* FriendButtonViewModel.swift */ = {isa = PBXFileReference; lastKnownFileType = sourcecode.swift; path = FriendButtonViewModel.swift; sourceTree = "<group>"; };
		F376F68E2DAA2C6600755376 /* FloatingToastView.swift */ = {isa = PBXFileReference; lastKnownFileType = sourcecode.swift; path = FloatingToastView.swift; sourceTree = "<group>"; };
		F376F6912DAA2CAA00755376 /* ToastManager.swift */ = {isa = PBXFileReference; lastKnownFileType = sourcecode.swift; path = ToastManager.swift; sourceTree = "<group>"; };
		F376F6952DAA420300755376 /* FriendManagementView.swift */ = {isa = PBXFileReference; lastKnownFileType = sourcecode.swift; path = FriendManagementView.swift; sourceTree = "<group>"; };
		F376F6972DAA552000755376 /* RequestRow.swift */ = {isa = PBXFileReference; lastKnownFileType = sourcecode.swift; path = RequestRow.swift; sourceTree = "<group>"; };
		F376F6992DAA790200755376 /* VisibilitySelectorView.swift */ = {isa = PBXFileReference; lastKnownFileType = sourcecode.swift; path = VisibilitySelectorView.swift; sourceTree = "<group>"; };
		F3822A752D86895C00488DF0 /* LaunchScreen.storyboard */ = {isa = PBXFileReference; lastKnownFileType = file.storyboard; path = LaunchScreen.storyboard; sourceTree = "<group>"; };
		F3822A842D9E5F2300488DF0 /* Secrets.plist */ = {isa = PBXFileReference; lastKnownFileType = text.plist.xml; path = Secrets.plist; sourceTree = "<group>"; };
		F38887F72D6BCA9F0097F3BE /* ValidationIcon.swift */ = {isa = PBXFileReference; lastKnownFileType = sourcecode.swift; path = ValidationIcon.swift; sourceTree = "<group>"; };
		F38887F92D6BCAD30097F3BE /* AuthHelpers.swift */ = {isa = PBXFileReference; lastKnownFileType = sourcecode.swift; path = AuthHelpers.swift; sourceTree = "<group>"; };
		F3A830F82D666F150022659C /* RatingDistribution.swift */ = {isa = PBXFileReference; lastKnownFileType = sourcecode.swift; path = RatingDistribution.swift; sourceTree = "<group>"; };
		F3A830FB2D666F410022659C /* SpotView.swift */ = {isa = PBXFileReference; lastKnownFileType = sourcecode.swift; path = SpotView.swift; sourceTree = "<group>"; };
		F3A831002D66E1C00022659C /* ReportView.swift */ = {isa = PBXFileReference; lastKnownFileType = sourcecode.swift; path = ReportView.swift; sourceTree = "<group>"; };
		F3A831022D66EDC50022659C /* SurfHelpers.swift */ = {isa = PBXFileReference; lastKnownFileType = sourcecode.swift; path = SurfHelpers.swift; sourceTree = "<group>"; };
		F3C0BA1D2D5EE7A800350C01 /* WaverUser.swift */ = {isa = PBXFileReference; lastKnownFileType = sourcecode.swift; path = WaverUser.swift; sourceTree = "<group>"; };
		F3C0BA1F2D5EE8B400350C01 /* Report.swift */ = {isa = PBXFileReference; lastKnownFileType = sourcecode.swift; path = Report.swift; sourceTree = "<group>"; };
		F3C0BA212D5F31CB00350C01 /* Favorite.swift */ = {isa = PBXFileReference; lastKnownFileType = sourcecode.swift; path = Favorite.swift; sourceTree = "<group>"; };
		F3C0BA232D5F36D400350C01 /* UserService.swift */ = {isa = PBXFileReference; lastKnownFileType = sourcecode.swift; path = UserService.swift; sourceTree = "<group>"; };
		F3C0BA252D5F3A7200350C01 /* ReportService.swift */ = {isa = PBXFileReference; lastKnownFileType = sourcecode.swift; path = ReportService.swift; sourceTree = "<group>"; };
		F3C0BA272D5F3ABA00350C01 /* FavoriteService.swift */ = {isa = PBXFileReference; lastKnownFileType = sourcecode.swift; path = FavoriteService.swift; sourceTree = "<group>"; };
		F3C0BA292D5F3C5000350C01 /* SpotService.swift */ = {isa = PBXFileReference; lastKnownFileType = sourcecode.swift; path = SpotService.swift; sourceTree = "<group>"; };
		F3C0BA2B2D64839200350C01 /* SignInView.swift */ = {isa = PBXFileReference; lastKnownFileType = sourcecode.swift; path = SignInView.swift; sourceTree = "<group>"; };
		F3C0BA2F2D64895E00350C01 /* SearchView.swift */ = {isa = PBXFileReference; lastKnownFileType = sourcecode.swift; path = SearchView.swift; sourceTree = "<group>"; };
		F3C0BA312D65C95F00350C01 /* HomeView.swift */ = {isa = PBXFileReference; lastKnownFileType = sourcecode.swift; path = HomeView.swift; sourceTree = "<group>"; };
		F3C0BA332D65DA7700350C01 /* RegionNode.swift */ = {isa = PBXFileReference; lastKnownFileType = sourcecode.swift; path = RegionNode.swift; sourceTree = "<group>"; };
		F3C0BA362D65DAD900350C01 /* RegionListView.swift */ = {isa = PBXFileReference; lastKnownFileType = sourcecode.swift; path = RegionListView.swift; sourceTree = "<group>"; };
		F3CFB5BF2D5ED84E0083E353 /* Waver.app */ = {isa = PBXFileReference; explicitFileType = wrapper.application; includeInIndex = 0; path = Waver.app; sourceTree = BUILT_PRODUCTS_DIR; };
		F3CFB5C22D5ED84E0083E353 /* WaverApp.swift */ = {isa = PBXFileReference; lastKnownFileType = sourcecode.swift; path = WaverApp.swift; sourceTree = "<group>"; };
		F3CFB5C62D5ED84F0083E353 /* Assets.xcassets */ = {isa = PBXFileReference; lastKnownFileType = folder.assetcatalog; path = Assets.xcassets; sourceTree = "<group>"; };
		F3CFB5D32D5ED9900083E353 /* Spot.swift */ = {isa = PBXFileReference; lastKnownFileType = sourcecode.swift; path = Spot.swift; sourceTree = "<group>"; };
		F3CFB5D52D5ED9B30083E353 /* SupabaseService.swift */ = {isa = PBXFileReference; lastKnownFileType = sourcecode.swift; path = SupabaseService.swift; sourceTree = "<group>"; };
		F3F5A1CC2D7007CC00FC10ED /* UserSession.swift */ = {isa = PBXFileReference; lastKnownFileType = sourcecode.swift; path = UserSession.swift; sourceTree = "<group>"; };
		F3FA3C8A2D6FBDA10014976B /* ToastView.swift */ = {isa = PBXFileReference; lastKnownFileType = sourcecode.swift; path = ToastView.swift; sourceTree = "<group>"; };
		F3FA3C8E2D6FCCD60014976B /* RegistrationConfirmationView.swift */ = {isa = PBXFileReference; lastKnownFileType = sourcecode.swift; path = RegistrationConfirmationView.swift; sourceTree = "<group>"; };
/* End PBXFileReference section */

/* Begin PBXFrameworksBuildPhase section */
		F3CFB5BC2D5ED84E0083E353 /* Frameworks */ = {
			isa = PBXFrameworksBuildPhase;
			buildActionMask = 2147483647;
			files = (
				F3822A7D2D9E5D8900488DF0 /* PostgREST in Frameworks */,
				F3822A7B2D9E5D8900488DF0 /* Functions in Frameworks */,
				F3822A832D9E5D8900488DF0 /* Supabase in Frameworks */,
				F3822A792D9E5D8900488DF0 /* Auth in Frameworks */,
				F3822A812D9E5D8900488DF0 /* Storage in Frameworks */,
				F3822A7F2D9E5D8900488DF0 /* Realtime in Frameworks */,
			);
			runOnlyForDeploymentPostprocessing = 0;
		};
/* End PBXFrameworksBuildPhase section */

/* Begin PBXGroup section */
		F34E9E0D2D68937900C2D944 /* Profile */ = {
			isa = PBXGroup;
			children = (
				F34E9E0E2D68938600C2D944 /* ProfileView.swift */,
				F34E9E102D6893BC00C2D944 /* ProfileReportView.swift */,
				F34E9E1E2D6B27AE00C2D944 /* PreferencesView.swift */,
				F376F6952DAA420300755376 /* FriendManagementView.swift */,
			);
			path = Profile;
			sourceTree = "<group>";
		};
		F34E9E202D6B27DC00C2D944 /* Home */ = {
			isa = PBXGroup;
			children = (
				F3C0BA312D65C95F00350C01 /* HomeView.swift */,
			);
			path = Home;
			sourceTree = "<group>";
		};
		F34E9E212D6B27E200C2D944 /* Auth */ = {
			isa = PBXGroup;
			children = (
				F306496C2D7BE1A300363D8C /* WaverSplashScreenView.swift */,
				F3C0BA2B2D64839200350C01 /* SignInView.swift */,
				F34E9E242D6B467F00C2D944 /* RegisterView.swift */,
				F34E9E222D6B3B1F00C2D944 /* ResetPasswordView.swift */,
				F38887F72D6BCA9F0097F3BE /* ValidationIcon.swift */,
				F3FA3C8E2D6FCCD60014976B /* RegistrationConfirmationView.swift */,
			);
			path = Auth;
			sourceTree = "<group>";
		};
		F376F6872DA9C13100755376 /* Friends */ = {
			isa = PBXGroup;
			children = (
				F376F68A2DA9C26900755376 /* FriendButtonView.swift */,
				F376F68C2DA9C28300755376 /* FriendButtonViewModel.swift */,
				F31864D42DA85220007D997D /* UserProfileView.swift */,
				F376F6972DAA552000755376 /* RequestRow.swift */,
			);
			path = Friends;
			sourceTree = "<group>";
		};
		F376F6902DAA2C7C00755376 /* Toast */ = {
			isa = PBXGroup;
			children = (
				F376F6912DAA2CAA00755376 /* ToastManager.swift */,
				F3FA3C8A2D6FBDA10014976B /* ToastView.swift */,
				F376F68E2DAA2C6600755376 /* FloatingToastView.swift */,
			);
			path = Toast;
			sourceTree = "<group>";
		};
		F3A830FA2D666F300022659C /* Spot */ = {
			isa = PBXGroup;
			children = (
				F3A830FB2D666F410022659C /* SpotView.swift */,
				F34E9E1C2D6B20A200C2D944 /* SpotViewSimple.swift */,
			);
			path = Spot;
			sourceTree = "<group>";
		};
		F3A830FF2D66E1A90022659C /* Report */ = {
			isa = PBXGroup;
			children = (
				F3A831002D66E1C00022659C /* ReportView.swift */,
				F34E9E0B2D672E2A00C2D944 /* ReportListView.swift */,
				F37267682D78295B004A81B0 /* ReportListToolbar.swift */,
				F372676A2D78297C004A81B0 /* ReportListFloatingButton.swift */,
				F34E9E142D69853C00C2D944 /* CreateReportView.swift */,
				F34E9E162D69AC6900C2D944 /* ReportSelectionView.swift */,
				F34E9E182D69AC8500C2D944 /* CommentInputView.swift */,
				F306496A2D7B9F6C00363D8C /* ReportConfirmationView.swift */,
				F376F6992DAA790200755376 /* VisibilitySelectorView.swift */,
			);
			path = Report;
			sourceTree = "<group>";
		};
		F3C0BA352D65DAC800350C01 /* Search */ = {
			isa = PBXGroup;
			children = (
				F3C0BA2F2D64895E00350C01 /* SearchView.swift */,
				F3C0BA362D65DAD900350C01 /* RegionListView.swift */,
				F34E9E122D69278B00C2D944 /* SpotListView.swift */,
				F31864C82DA49EB7007D997D /* SearchResultsView.swift */,
				F31864CE2DA52B58007D997D /* SearchType.swift */,
				F31864D22DA52E7B007D997D /* SearchResultsViewModel.swift */,
			);
			path = Search;
			sourceTree = "<group>";
		};
		F3CFB5B62D5ED84E0083E353 = {
			isa = PBXGroup;
			children = (
				F3822A752D86895C00488DF0 /* LaunchScreen.storyboard */,
				F3822A842D9E5F2300488DF0 /* Secrets.plist */,
				F3CFB5C12D5ED84E0083E353 /* WaverApp */,
				F3CFB5C02D5ED84E0083E353 /* Products */,
			);
			sourceTree = "<group>";
		};
		F3CFB5C02D5ED84E0083E353 /* Products */ = {
			isa = PBXGroup;
			children = (
				F3CFB5BF2D5ED84E0083E353 /* Waver.app */,
			);
			name = Products;
			sourceTree = "<group>";
		};
		F3CFB5C12D5ED84E0083E353 /* WaverApp */ = {
			isa = PBXGroup;
			children = (
				F3CFB5C22D5ED84E0083E353 /* WaverApp.swift */,
				F3CFB5D02D5ED9440083E353 /* Models */,
				F3CFB5D12D5ED9520083E353 /* Services */,
				F3CFB5D22D5ED95E0083E353 /* Views */,
				F3CFB5C62D5ED84F0083E353 /* Assets.xcassets */,
			);
			path = WaverApp;
			sourceTree = "<group>";
		};
		F3CFB5D02D5ED9440083E353 /* Models */ = {
			isa = PBXGroup;
			children = (
				F3C0BA1D2D5EE7A800350C01 /* WaverUser.swift */,
				F3CFB5D32D5ED9900083E353 /* Spot.swift */,
				F3C0BA1F2D5EE8B400350C01 /* Report.swift */,
				F3C0BA212D5F31CB00350C01 /* Favorite.swift */,
				F3A830F82D666F150022659C /* RatingDistribution.swift */,
				F3C0BA332D65DA7700350C01 /* RegionNode.swift */,
				F31864CA2DA52B17007D997D /* SpotRow.swift */,
				F31864CC2DA52B23007D997D /* UserRow.swift */,
			);
			path = Models;
			sourceTree = "<group>";
		};
		F3CFB5D12D5ED9520083E353 /* Services */ = {
			isa = PBXGroup;
			children = (
				F372676C2D78EAE8004A81B0 /* SurfDataManager.swift */,
				F3F5A1CC2D7007CC00FC10ED /* UserSession.swift */,
				F3CFB5D52D5ED9B30083E353 /* SupabaseService.swift */,
				F3C0BA232D5F36D400350C01 /* UserService.swift */,
				F3C0BA292D5F3C5000350C01 /* SpotService.swift */,
				F3C0BA252D5F3A7200350C01 /* ReportService.swift */,
				F3C0BA272D5F3ABA00350C01 /* FavoriteService.swift */,
				F376F6882DA9C14200755376 /* FriendsService.swift */,
				F3A831022D66EDC50022659C /* SurfHelpers.swift */,
				F38887F92D6BCAD30097F3BE /* AuthHelpers.swift */,
			);
			path = Services;
			sourceTree = "<group>";
		};
		F3CFB5D22D5ED95E0083E353 /* Views */ = {
			isa = PBXGroup;
			children = (
				F34E9E212D6B27E200C2D944 /* Auth */,
				F34E9E202D6B27DC00C2D944 /* Home */,
				F34E9E0D2D68937900C2D944 /* Profile */,
				F3A830FF2D66E1A90022659C /* Report */,
				F376F6872DA9C13100755376 /* Friends */,
				F3A830FA2D666F300022659C /* Spot */,
				F3C0BA352D65DAC800350C01 /* Search */,
				F376F6902DAA2C7C00755376 /* Toast */,
			);
			path = Views;
			sourceTree = "<group>";
		};
/* End PBXGroup section */

/* Begin PBXNativeTarget section */
		F3CFB5BE2D5ED84E0083E353 /* Waver */ = {
			isa = PBXNativeTarget;
			buildConfigurationList = F3CFB5CD2D5ED84F0083E353 /* Build configuration list for PBXNativeTarget "Waver" */;
			buildPhases = (
				F3CFB5BB2D5ED84E0083E353 /* Sources */,
				F3CFB5BC2D5ED84E0083E353 /* Frameworks */,
				F3CFB5BD2D5ED84E0083E353 /* Resources */,
			);
			buildRules = (
			);
			dependencies = (
			);
			name = Waver;
			packageProductDependencies = (
				F3822A782D9E5D8900488DF0 /* Auth */,
				F3822A7A2D9E5D8900488DF0 /* Functions */,
				F3822A7C2D9E5D8900488DF0 /* PostgREST */,
				F3822A7E2D9E5D8900488DF0 /* Realtime */,
				F3822A802D9E5D8900488DF0 /* Storage */,
				F3822A822D9E5D8900488DF0 /* Supabase */,
			);
			productName = Waver;
			productReference = F3CFB5BF2D5ED84E0083E353 /* Waver.app */;
			productType = "com.apple.product-type.application";
		};
/* End PBXNativeTarget section */

/* Begin PBXProject section */
		F3CFB5B72D5ED84E0083E353 /* Project object */ = {
			isa = PBXProject;
			attributes = {
				BuildIndependentTargetsInParallel = 1;
				LastSwiftUpdateCheck = 1540;
				LastUpgradeCheck = 1540;
				TargetAttributes = {
					F3CFB5BE2D5ED84E0083E353 = {
						CreatedOnToolsVersion = 15.4;
					};
				};
			};
			buildConfigurationList = F3CFB5BA2D5ED84E0083E353 /* Build configuration list for PBXProject "Waver" */;
			compatibilityVersion = "Xcode 14.0";
			developmentRegion = en;
			hasScannedForEncodings = 0;
			knownRegions = (
				en,
				Base,
			);
			mainGroup = F3CFB5B62D5ED84E0083E353;
			packageReferences = (
				F3822A772D9E5D8900488DF0 /* XCRemoteSwiftPackageReference "supabase-swift" */,
			);
			productRefGroup = F3CFB5C02D5ED84E0083E353 /* Products */;
			projectDirPath = "";
			projectRoot = "";
			targets = (
				F3CFB5BE2D5ED84E0083E353 /* Waver */,
			);
		};
/* End PBXProject section */

/* Begin PBXResourcesBuildPhase section */
		F3CFB5BD2D5ED84E0083E353 /* Resources */ = {
			isa = PBXResourcesBuildPhase;
			buildActionMask = 2147483647;
			files = (
				F3822A762D86895C00488DF0 /* LaunchScreen.storyboard in Resources */,
				F3822A852D9E5F2300488DF0 /* Secrets.plist in Resources */,
				F3CFB5C72D5ED84F0083E353 /* Assets.xcassets in Resources */,
			);
			runOnlyForDeploymentPostprocessing = 0;
		};
/* End PBXResourcesBuildPhase section */

/* Begin PBXSourcesBuildPhase section */
		F3CFB5BB2D5ED84E0083E353 /* Sources */ = {
			isa = PBXSourcesBuildPhase;
			buildActionMask = 2147483647;
			files = (
				F3C0BA372D65DAD900350C01 /* RegionListView.swift in Sources */,
				F34E9E232D6B3B1F00C2D944 /* ResetPasswordView.swift in Sources */,
				F376F6982DAA552000755376 /* RequestRow.swift in Sources */,
				F34E9E252D6B467F00C2D944 /* RegisterView.swift in Sources */,
				F306496B2D7B9F6C00363D8C /* ReportConfirmationView.swift in Sources */,
				F31864CB2DA52B17007D997D /* SpotRow.swift in Sources */,
				F31864C92DA49EB7007D997D /* SearchResultsView.swift in Sources */,
				F38887F82D6BCA9F0097F3BE /* ValidationIcon.swift in Sources */,
				F3C0BA222D5F31CB00350C01 /* Favorite.swift in Sources */,
				F3A830FC2D666F410022659C /* SpotView.swift in Sources */,
				F3C0BA322D65C95F00350C01 /* HomeView.swift in Sources */,
				F3CFB5D62D5ED9B30083E353 /* SupabaseService.swift in Sources */,
				F34E9E0F2D68938600C2D944 /* ProfileView.swift in Sources */,
				F34E9E1D2D6B20A200C2D944 /* SpotViewSimple.swift in Sources */,
				F372676B2D78297C004A81B0 /* ReportListFloatingButton.swift in Sources */,
				F3A831032D66EDC50022659C /* SurfHelpers.swift in Sources */,
				F34E9E132D69278B00C2D944 /* SpotListView.swift in Sources */,
				F376F69A2DAA790200755376 /* VisibilitySelectorView.swift in Sources */,
				F376F68B2DA9C26900755376 /* FriendButtonView.swift in Sources */,
				F3C0BA342D65DA7700350C01 /* RegionNode.swift in Sources */,
				F34E9E0C2D672E2A00C2D944 /* ReportListView.swift in Sources */,
				F3F5A1CD2D7007CC00FC10ED /* UserSession.swift in Sources */,
				F376F6892DA9C14200755376 /* FriendsService.swift in Sources */,
				F34E9E192D69AC8500C2D944 /* CommentInputView.swift in Sources */,
				F3CFB5D42D5ED9900083E353 /* Spot.swift in Sources */,
				F3A830F92D666F150022659C /* RatingDistribution.swift in Sources */,
				F3C0BA242D5F36D400350C01 /* UserService.swift in Sources */,
				F3FA3C8F2D6FCCD60014976B /* RegistrationConfirmationView.swift in Sources */,
				F3A831012D66E1C00022659C /* ReportView.swift in Sources */,
				F372676D2D78EAE8004A81B0 /* SurfDataManager.swift in Sources */,
				F376F6922DAA2CAA00755376 /* ToastManager.swift in Sources */,
				F34E9E172D69AC6900C2D944 /* ReportSelectionView.swift in Sources */,
				F3C0BA1E2D5EE7A800350C01 /* WaverUser.swift in Sources */,
				F3C0BA2C2D64839200350C01 /* SignInView.swift in Sources */,
				F31864D32DA52E7B007D997D /* SearchResultsViewModel.swift in Sources */,
				F38887FA2D6BCAD30097F3BE /* AuthHelpers.swift in Sources */,
				F34E9E152D69853C00C2D944 /* CreateReportView.swift in Sources */,
				F3C0BA262D5F3A7200350C01 /* ReportService.swift in Sources */,
				F376F68D2DA9C28300755376 /* FriendButtonViewModel.swift in Sources */,
				F376F6962DAA420300755376 /* FriendManagementView.swift in Sources */,
				F37267692D78295B004A81B0 /* ReportListToolbar.swift in Sources */,
				F31864CD2DA52B23007D997D /* UserRow.swift in Sources */,
				F3CFB5C32D5ED84E0083E353 /* WaverApp.swift in Sources */,
				F3C0BA302D64895E00350C01 /* SearchView.swift in Sources */,
				F31864D52DA85220007D997D /* UserProfileView.swift in Sources */,
				F31864CF2DA52B58007D997D /* SearchType.swift in Sources */,
				F3FA3C8B2D6FBDA10014976B /* ToastView.swift in Sources */,
				F306496D2D7BE1A300363D8C /* WaverSplashScreenView.swift in Sources */,
				F376F68F2DAA2C6600755376 /* FloatingToastView.swift in Sources */,
				F34E9E1F2D6B27AE00C2D944 /* PreferencesView.swift in Sources */,
				F3C0BA202D5EE8B400350C01 /* Report.swift in Sources */,
				F3C0BA2A2D5F3C5000350C01 /* SpotService.swift in Sources */,
				F34E9E112D6893BC00C2D944 /* ProfileReportView.swift in Sources */,
				F3C0BA282D5F3ABA00350C01 /* FavoriteService.swift in Sources */,
			);
			runOnlyForDeploymentPostprocessing = 0;
		};
/* End PBXSourcesBuildPhase section */

/* Begin XCBuildConfiguration section */
		F3CFB5CB2D5ED84F0083E353 /* Debug */ = {
			isa = XCBuildConfiguration;
			buildSettings = {
				ALWAYS_SEARCH_USER_PATHS = NO;
				ASSETCATALOG_COMPILER_GENERATE_SWIFT_ASSET_SYMBOL_EXTENSIONS = YES;
				CLANG_ANALYZER_NONNULL = YES;
				CLANG_ANALYZER_NUMBER_OBJECT_CONVERSION = YES_AGGRESSIVE;
				CLANG_CXX_LANGUAGE_STANDARD = "gnu++20";
				CLANG_ENABLE_MODULES = YES;
				CLANG_ENABLE_OBJC_ARC = YES;
				CLANG_ENABLE_OBJC_WEAK = YES;
				CLANG_WARN_BLOCK_CAPTURE_AUTORELEASING = YES;
				CLANG_WARN_BOOL_CONVERSION = YES;
				CLANG_WARN_COMMA = YES;
				CLANG_WARN_CONSTANT_CONVERSION = YES;
				CLANG_WARN_DEPRECATED_OBJC_IMPLEMENTATIONS = YES;
				CLANG_WARN_DIRECT_OBJC_ISA_USAGE = YES_ERROR;
				CLANG_WARN_DOCUMENTATION_COMMENTS = YES;
				CLANG_WARN_EMPTY_BODY = YES;
				CLANG_WARN_ENUM_CONVERSION = YES;
				CLANG_WARN_INFINITE_RECURSION = YES;
				CLANG_WARN_INT_CONVERSION = YES;
				CLANG_WARN_NON_LITERAL_NULL_CONVERSION = YES;
				CLANG_WARN_OBJC_IMPLICIT_RETAIN_SELF = YES;
				CLANG_WARN_OBJC_LITERAL_CONVERSION = YES;
				CLANG_WARN_OBJC_ROOT_CLASS = YES_ERROR;
				CLANG_WARN_QUOTED_INCLUDE_IN_FRAMEWORK_HEADER = YES;
				CLANG_WARN_RANGE_LOOP_ANALYSIS = YES;
				CLANG_WARN_STRICT_PROTOTYPES = YES;
				CLANG_WARN_SUSPICIOUS_MOVE = YES;
				CLANG_WARN_UNGUARDED_AVAILABILITY = YES_AGGRESSIVE;
				CLANG_WARN_UNREACHABLE_CODE = YES;
				CLANG_WARN__DUPLICATE_METHOD_MATCH = YES;
				COPY_PHASE_STRIP = NO;
				DEBUG_INFORMATION_FORMAT = dwarf;
				ENABLE_STRICT_OBJC_MSGSEND = YES;
				ENABLE_TESTABILITY = YES;
				ENABLE_USER_SCRIPT_SANDBOXING = YES;
				GCC_C_LANGUAGE_STANDARD = gnu17;
				GCC_DYNAMIC_NO_PIC = NO;
				GCC_NO_COMMON_BLOCKS = YES;
				GCC_OPTIMIZATION_LEVEL = 0;
				GCC_PREPROCESSOR_DEFINITIONS = (
					"DEBUG=1",
					"$(inherited)",
				);
				GCC_WARN_64_TO_32_BIT_CONVERSION = YES;
				GCC_WARN_ABOUT_RETURN_TYPE = YES_ERROR;
				GCC_WARN_UNDECLARED_SELECTOR = YES;
				GCC_WARN_UNINITIALIZED_AUTOS = YES_AGGRESSIVE;
				GCC_WARN_UNUSED_FUNCTION = YES;
				GCC_WARN_UNUSED_VARIABLE = YES;
				IPHONEOS_DEPLOYMENT_TARGET = 17.5;
				LOCALIZATION_PREFERS_STRING_CATALOGS = YES;
				MTL_ENABLE_DEBUG_INFO = INCLUDE_SOURCE;
				MTL_FAST_MATH = YES;
				ONLY_ACTIVE_ARCH = YES;
				SDKROOT = iphoneos;
				SWIFT_ACTIVE_COMPILATION_CONDITIONS = "DEBUG $(inherited)";
				SWIFT_OPTIMIZATION_LEVEL = "-Onone";
			};
			name = Debug;
		};
		F3CFB5CC2D5ED84F0083E353 /* Release */ = {
			isa = XCBuildConfiguration;
			buildSettings = {
				ALWAYS_SEARCH_USER_PATHS = NO;
				ASSETCATALOG_COMPILER_GENERATE_SWIFT_ASSET_SYMBOL_EXTENSIONS = YES;
				CLANG_ANALYZER_NONNULL = YES;
				CLANG_ANALYZER_NUMBER_OBJECT_CONVERSION = YES_AGGRESSIVE;
				CLANG_CXX_LANGUAGE_STANDARD = "gnu++20";
				CLANG_ENABLE_MODULES = YES;
				CLANG_ENABLE_OBJC_ARC = YES;
				CLANG_ENABLE_OBJC_WEAK = YES;
				CLANG_WARN_BLOCK_CAPTURE_AUTORELEASING = YES;
				CLANG_WARN_BOOL_CONVERSION = YES;
				CLANG_WARN_COMMA = YES;
				CLANG_WARN_CONSTANT_CONVERSION = YES;
				CLANG_WARN_DEPRECATED_OBJC_IMPLEMENTATIONS = YES;
				CLANG_WARN_DIRECT_OBJC_ISA_USAGE = YES_ERROR;
				CLANG_WARN_DOCUMENTATION_COMMENTS = YES;
				CLANG_WARN_EMPTY_BODY = YES;
				CLANG_WARN_ENUM_CONVERSION = YES;
				CLANG_WARN_INFINITE_RECURSION = YES;
				CLANG_WARN_INT_CONVERSION = YES;
				CLANG_WARN_NON_LITERAL_NULL_CONVERSION = YES;
				CLANG_WARN_OBJC_IMPLICIT_RETAIN_SELF = YES;
				CLANG_WARN_OBJC_LITERAL_CONVERSION = YES;
				CLANG_WARN_OBJC_ROOT_CLASS = YES_ERROR;
				CLANG_WARN_QUOTED_INCLUDE_IN_FRAMEWORK_HEADER = YES;
				CLANG_WARN_RANGE_LOOP_ANALYSIS = YES;
				CLANG_WARN_STRICT_PROTOTYPES = YES;
				CLANG_WARN_SUSPICIOUS_MOVE = YES;
				CLANG_WARN_UNGUARDED_AVAILABILITY = YES_AGGRESSIVE;
				CLANG_WARN_UNREACHABLE_CODE = YES;
				CLANG_WARN__DUPLICATE_METHOD_MATCH = YES;
				COPY_PHASE_STRIP = NO;
				DEBUG_INFORMATION_FORMAT = "dwarf-with-dsym";
				ENABLE_NS_ASSERTIONS = NO;
				ENABLE_STRICT_OBJC_MSGSEND = YES;
				ENABLE_USER_SCRIPT_SANDBOXING = YES;
				GCC_C_LANGUAGE_STANDARD = gnu17;
				GCC_NO_COMMON_BLOCKS = YES;
				GCC_WARN_64_TO_32_BIT_CONVERSION = YES;
				GCC_WARN_ABOUT_RETURN_TYPE = YES_ERROR;
				GCC_WARN_UNDECLARED_SELECTOR = YES;
				GCC_WARN_UNINITIALIZED_AUTOS = YES_AGGRESSIVE;
				GCC_WARN_UNUSED_FUNCTION = YES;
				GCC_WARN_UNUSED_VARIABLE = YES;
				IPHONEOS_DEPLOYMENT_TARGET = 17.5;
				LOCALIZATION_PREFERS_STRING_CATALOGS = YES;
				MTL_ENABLE_DEBUG_INFO = NO;
				MTL_FAST_MATH = YES;
				SDKROOT = iphoneos;
				SWIFT_COMPILATION_MODE = wholemodule;
				VALIDATE_PRODUCT = YES;
			};
			name = Release;
		};
		F3CFB5CE2D5ED84F0083E353 /* Debug */ = {
			isa = XCBuildConfiguration;
			buildSettings = {
				ASSETCATALOG_COMPILER_APPICON_NAME = AppIcon;
				ASSETCATALOG_COMPILER_GLOBAL_ACCENT_COLOR_NAME = AccentColor;
				ASSETCATALOG_COMPILER_INCLUDE_ALL_APPICON_ASSETS = YES;
				CODE_SIGN_STYLE = Automatic;
				CURRENT_PROJECT_VERSION = 1;
				DEVELOPMENT_ASSET_PATHS = "";
				DEVELOPMENT_TEAM = CW3VS96Q34;
				ENABLE_PREVIEWS = YES;
				GENERATE_INFOPLIST_FILE = YES;
				INFOPLIST_FILE = "";
				INFOPLIST_KEY_CFBundleDisplayName = Waver;
				INFOPLIST_KEY_LSApplicationCategoryType = "public.app-category.social-networking";
				INFOPLIST_KEY_UIApplicationSceneManifest_Generation = YES;
				INFOPLIST_KEY_UIApplicationSupportsIndirectInputEvents = YES;
				INFOPLIST_KEY_UILaunchScreen_Generation = YES;
				INFOPLIST_KEY_UILaunchStoryboardName = LaunchScreen.storyboard;
				INFOPLIST_KEY_UIRequiresFullScreen = YES;
				INFOPLIST_KEY_UISupportedInterfaceOrientations = UIInterfaceOrientationPortrait;
				LD_RUNPATH_SEARCH_PATHS = (
					"$(inherited)",
					"@executable_path/Frameworks",
				);
				MARKETING_VERSION = 2.0.2;
				PRODUCT_BUNDLE_IDENTIFIER = com.waversurfing.waversurfreport;
				PRODUCT_NAME = "$(TARGET_NAME)";
				SWIFT_EMIT_LOC_STRINGS = YES;
				SWIFT_VERSION = 5.0;
				TARGETED_DEVICE_FAMILY = "1,2";
			};
			name = Debug;
		};
		F3CFB5CF2D5ED84F0083E353 /* Release */ = {
			isa = XCBuildConfiguration;
			buildSettings = {
				ASSETCATALOG_COMPILER_APPICON_NAME = AppIcon;
				ASSETCATALOG_COMPILER_GLOBAL_ACCENT_COLOR_NAME = AccentColor;
				ASSETCATALOG_COMPILER_INCLUDE_ALL_APPICON_ASSETS = YES;
				CODE_SIGN_STYLE = Automatic;
				CURRENT_PROJECT_VERSION = 1;
				DEVELOPMENT_ASSET_PATHS = "";
				DEVELOPMENT_TEAM = CW3VS96Q34;
				ENABLE_PREVIEWS = YES;
				GENERATE_INFOPLIST_FILE = YES;
				INFOPLIST_FILE = "";
				INFOPLIST_KEY_CFBundleDisplayName = Waver;
				INFOPLIST_KEY_LSApplicationCategoryType = "public.app-category.social-networking";
				INFOPLIST_KEY_UIApplicationSceneManifest_Generation = YES;
				INFOPLIST_KEY_UIApplicationSupportsIndirectInputEvents = YES;
				INFOPLIST_KEY_UILaunchScreen_Generation = YES;
				INFOPLIST_KEY_UILaunchStoryboardName = LaunchScreen.storyboard;
				INFOPLIST_KEY_UIRequiresFullScreen = YES;
				INFOPLIST_KEY_UISupportedInterfaceOrientations = UIInterfaceOrientationPortrait;
				LD_RUNPATH_SEARCH_PATHS = (
					"$(inherited)",
					"@executable_path/Frameworks",
				);
				MARKETING_VERSION = 2.0.2;
				PRODUCT_BUNDLE_IDENTIFIER = com.waversurfing.waversurfreport;
				PRODUCT_NAME = "$(TARGET_NAME)";
				SWIFT_EMIT_LOC_STRINGS = YES;
				SWIFT_VERSION = 5.0;
				TARGETED_DEVICE_FAMILY = "1,2";
			};
			name = Release;
		};
/* End XCBuildConfiguration section */

/* Begin XCConfigurationList section */
		F3CFB5BA2D5ED84E0083E353 /* Build configuration list for PBXProject "Waver" */ = {
			isa = XCConfigurationList;
			buildConfigurations = (
				F3CFB5CB2D5ED84F0083E353 /* Debug */,
				F3CFB5CC2D5ED84F0083E353 /* Release */,
			);
			defaultConfigurationIsVisible = 0;
			defaultConfigurationName = Release;
		};
		F3CFB5CD2D5ED84F0083E353 /* Build configuration list for PBXNativeTarget "Waver" */ = {
			isa = XCConfigurationList;
			buildConfigurations = (
				F3CFB5CE2D5ED84F0083E353 /* Debug */,
				F3CFB5CF2D5ED84F0083E353 /* Release */,
			);
			defaultConfigurationIsVisible = 0;
			defaultConfigurationName = Release;
		};
/* End XCConfigurationList section */

/* Begin XCRemoteSwiftPackageReference section */
		F3822A772D9E5D8900488DF0 /* XCRemoteSwiftPackageReference "supabase-swift" */ = {
			isa = XCRemoteSwiftPackageReference;
			repositoryURL = "https://github.com/supabase-community/supabase-swift.git";
			requirement = {
				kind = upToNextMajorVersion;
				minimumVersion = 2.5.1;
			};
		};
/* End XCRemoteSwiftPackageReference section */

/* Begin XCSwiftPackageProductDependency section */
		F3822A782D9E5D8900488DF0 /* Auth */ = {
			isa = XCSwiftPackageProductDependency;
			package = F3822A772D9E5D8900488DF0 /* XCRemoteSwiftPackageReference "supabase-swift" */;
			productName = Auth;
		};
		F3822A7A2D9E5D8900488DF0 /* Functions */ = {
			isa = XCSwiftPackageProductDependency;
			package = F3822A772D9E5D8900488DF0 /* XCRemoteSwiftPackageReference "supabase-swift" */;
			productName = Functions;
		};
		F3822A7C2D9E5D8900488DF0 /* PostgREST */ = {
			isa = XCSwiftPackageProductDependency;
			package = F3822A772D9E5D8900488DF0 /* XCRemoteSwiftPackageReference "supabase-swift" */;
			productName = PostgREST;
		};
		F3822A7E2D9E5D8900488DF0 /* Realtime */ = {
			isa = XCSwiftPackageProductDependency;
			package = F3822A772D9E5D8900488DF0 /* XCRemoteSwiftPackageReference "supabase-swift" */;
			productName = Realtime;
		};
		F3822A802D9E5D8900488DF0 /* Storage */ = {
			isa = XCSwiftPackageProductDependency;
			package = F3822A772D9E5D8900488DF0 /* XCRemoteSwiftPackageReference "supabase-swift" */;
			productName = Storage;
		};
		F3822A822D9E5D8900488DF0 /* Supabase */ = {
			isa = XCSwiftPackageProductDependency;
			package = F3822A772D9E5D8900488DF0 /* XCRemoteSwiftPackageReference "supabase-swift" */;
			productName = Supabase;
		};
/* End XCSwiftPackageProductDependency section */
	};
	rootObject = F3CFB5B72D5ED84E0083E353 /* Project object */;
}
